Microsoft Visual Studio Solution File, Format Version 12.00
# Visual Studio Version 17
VisualStudioVersion = 17.0.31611.283
MinimumVisualStudioVersion = 10.0.40219.1
Project("{9A19103F-16F7-4668-BE54-9A1E7A4F7556}") = "MeddyDAMMAUI", "MeddyDAMMAUI\MeddyDAMMAUI.csproj", "{00177EF1-8A23-4CBA-986A-A697B2F5EDBD}"
EndProject
Project("{FAE04EC0-301F-11D3-BF4B-00C04F79EFBC}") = "MeddyDAMLibrary", "MeddyDAMLibrary\MeddyDAMLibrary.csproj", "{19A805D0-FCDC-40FB-85F3-1CC84F3FDF5A}"
EndProject
Global
	GlobalSection(SolutionConfigurationPlatforms) = preSolution
		Debug|Any CPU = Debug|Any CPU
		Release|Any CPU = Release|Any CPU
	EndGlobalSection
	GlobalSection(ProjectConfigurationPlatforms) = postSolution
		{00177EF1-8A23-4CBA-986A-A697B2F5EDBD}.Debug|Any CPU.ActiveCfg = Debug|Any CPU
		{00177EF1-8A23-4CBA-986A-A697B2F5EDBD}.Debug|Any CPU.Build.0 = Debug|Any CPU
		{00177EF1-8A23-4CBA-986A-A697B2F5EDBD}.Debug|Any CPU.Deploy.0 = Debug|Any CPU
		{00177EF1-8A23-4CBA-986A-A697B2F5EDBD}.Release|Any CPU.ActiveCfg = Release|Any CPU
		{00177EF1-8A23-4CBA-986A-A697B2F5EDBD}.Release|Any CPU.Build.0 = Release|Any CPU
		{00177EF1-8A23-4CBA-986A-A697B2F5EDBD}.Release|Any CPU.Deploy.0 = Release|Any CPU
		{19A805D0-FCDC-40FB-85F3-1CC84F3FDF5A}.Debug|Any CPU.ActiveCfg = Debug|Any CPU
		{19A805D0-FCDC-40FB-85F3-1CC84F3FDF5A}.Debug|Any CPU.Build.0 = Debug|Any CPU
		{19A805D0-FCDC-40FB-85F3-1CC84F3FDF5A}.Release|Any CPU.ActiveCfg = Release|Any CPU
		{19A805D0-FCDC-40FB-85F3-1CC84F3FDF5A}.Release|Any CPU.Build.0 = Release|Any CPU
	EndGlobalSection
	GlobalSection(SolutionProperties) = preSolution
		HideSolutionNode = FALSE
	EndGlobalSection
	GlobalSection(ExtensibilityGlobals) = postSolution
		        SolutionGuid = {61F7FB11-1E47-470C-91E2-47F8143E1572}
		SolutionGuid = {D98344AA-3D9D-4E67-A6D0-15E8D1BE2CA1}
	EndGlobalSection
EndGlobal
