Microsoft Visual Studio Solution File, Format Version 12.00
# Visual Studio Version 17
VisualStudioVersion = 17.0.31611.283
MinimumVisualStudioVersion = 10.0.40219.1
Project("{9A19103F-16F7-4668-BE54-9A1E7A4F7556}") = "MeddyExplorerApp", "MeddyExplorerApp\MeddyExplorerApp.csproj", "{4FBACD0C-BAB2-4929-B297-59C3804C0AB0}"
EndProject
Project("{9A19103F-16F7-4668-BE54-9A1E7A4F7556}") = "MeddyLibrary", "..\MeddyLibrary\MeddyLibrary\MeddyLibrary\MeddyLibrary.csproj", "{3F5D34AA-BBF9-4625-9EC4-D744D9F49097}"
EndProject
Global
	GlobalSection(SolutionConfigurationPlatforms) = preSolution
		Debug|Any CPU = Debug|Any CPU
		Release|Any CPU = Release|Any CPU
	EndGlobalSection
	GlobalSection(ProjectConfigurationPlatforms) = postSolution
		{4FBACD0C-BAB2-4929-B297-59C3804C0AB0}.Debug|Any CPU.ActiveCfg = Debug|Any CPU
		{4FBACD0C-BAB2-4929-B297-59C3804C0AB0}.Debug|Any CPU.Build.0 = Debug|Any CPU
		{4FBACD0C-BAB2-4929-B297-59C3804C0AB0}.Debug|Any CPU.Deploy.0 = Debug|Any CPU
		{4FBACD0C-BAB2-4929-B297-59C3804C0AB0}.Release|Any CPU.ActiveCfg = Release|Any CPU
		{4FBACD0C-BAB2-4929-B297-59C3804C0AB0}.Release|Any CPU.Build.0 = Release|Any CPU
		{4FBACD0C-BAB2-4929-B297-59C3804C0AB0}.Release|Any CPU.Deploy.0 = Release|Any CPU
		{3F5D34AA-BBF9-4625-9EC4-D744D9F49097}.Debug|Any CPU.ActiveCfg = Debug|Any CPU
		{3F5D34AA-BBF9-4625-9EC4-D744D9F49097}.Debug|Any CPU.Build.0 = Debug|Any CPU
		{3F5D34AA-BBF9-4625-9EC4-D744D9F49097}.Release|Any CPU.ActiveCfg = Release|Any CPU
		{3F5D34AA-BBF9-4625-9EC4-D744D9F49097}.Release|Any CPU.Build.0 = Release|Any CPU
	EndGlobalSection
	GlobalSection(SolutionProperties) = preSolution
		HideSolutionNode = FALSE
	EndGlobalSection
	GlobalSection(ExtensibilityGlobals) = postSolution
		        SolutionGuid = {61F7FB11-1E47-470C-91E2-47F8143E1572}
		SolutionGuid = {5791BBF5-76AF-4333-AEC9-D65ACFBDCC8E}
	EndGlobalSection
EndGlobal
